# This file was autogenerated by Stack.
# You should not edit this file by hand.
# For more information, please see the documentation at:
#   https://docs.haskellstack.org/en/stable/lock_files

packages:
- completed:
    hackage: extensible-0.8@sha256:45ca089909ae434329e4d05dc557be94ff04f24c43ff9b915bd90c0599c83211,2911
    pantry-tree:
      size: 2097
      sha256: d602c9d623afd9186a4d55898ef97f0dfb7f81ffbd5bae86e2238b3694d702fb
  original:
    hackage: extensible-0.8
- completed:
    hackage: membership-0@sha256:3a11d8fd53cb1a76bb9273e6c929bbf9d649f109714bf487abb3143be04ddc81,995
    pantry-tree:
      size: 408
      sha256: 3b593e0d14e848e318e745555776ebb25210e5e3dec4fde5d3c08ab51ceddc62
  original:
    hackage: membership-0
- completed:
    hackage: servant-stache-0.1.0.0@sha256:3df13c3df7e158a506a44fb910ec3e2bc76e7535ff2ce68abd5c6c858551c0b7,1739
    pantry-tree:
      size: 376
      sha256: dcb5a5dab198f4f88c8a4ab3b30de1bb74ad417e5b220e8773e777987467af1e
  original:
    hackage: servant-stache-0.1.0.0
- completed:
    size: 19650
    subdir: elmap
    url: https://github.com/matsubara0507/elmap.hs/archive/9c9479d3ead6032a0309b5f80f42e94df85da375.tar.gz
    cabal-file:
      size: 1788
      sha256: e914e320116772e38d19fc5fbbe0db6827fd23f82be6a82c4d1e9691863c5861
    name: elmap
    version: 0.1.0.0
    sha256: 2007d3eaf2df739e27533469921a6bc4ece0fc5d7efdc88ff3afa354a44fbafa
    pantry-tree:
      size: 476
      sha256: a59c6ff50ae3f2cecdf16e12fe38f75e00e266a9ded559ef8ca876d05d764abe
  original:
    subdir: elmap
    url: https://github.com/matsubara0507/elmap.hs/archive/9c9479d3ead6032a0309b5f80f42e94df85da375.tar.gz
- completed:
    size: 19650
    subdir: servant-elmap
    url: https://github.com/matsubara0507/elmap.hs/archive/9c9479d3ead6032a0309b5f80f42e94df85da375.tar.gz
    cabal-file:
      size: 2194
      sha256: 60205e8a33494474cbc09a5481f83b2cbc4fb41a106a1ed23c74d0eec5661469
    name: servant-elmap
    version: 0.1.0.0
    sha256: 2007d3eaf2df739e27533469921a6bc4ece0fc5d7efdc88ff3afa354a44fbafa
    pantry-tree:
      size: 614
      sha256: d423d9bcb549db5c1dfa93276c57bab26f85db79a77da97cea17c1ae97ea78ef
  original:
    subdir: servant-elmap
    url: https://github.com/matsubara0507/elmap.hs/archive/9c9479d3ead6032a0309b5f80f42e94df85da375.tar.gz
- completed:
    size: 19650
    subdir: extensible-elmap
    url: https://github.com/matsubara0507/elmap.hs/archive/9c9479d3ead6032a0309b5f80f42e94df85da375.tar.gz
    cabal-file:
      size: 1744
      sha256: 2cc0c5e1d41ddede33c6b68e9f7a0ccfacbf10c05c449d551b34bb6df1d3cfd2
    name: extensible-elmap
    version: 0.1.0.0
    sha256: 2007d3eaf2df739e27533469921a6bc4ece0fc5d7efdc88ff3afa354a44fbafa
    pantry-tree:
      size: 439
      sha256: 545989814406ca47317920086e82cf54299eff0543516ed854eb99ed0cadf4d4
  original:
    subdir: extensible-elmap
    url: https://github.com/matsubara0507/elmap.hs/archive/9c9479d3ead6032a0309b5f80f42e94df85da375.tar.gz
snapshots:
- completed:
    size: 491372
    url: https://raw.githubusercontent.com/commercialhaskell/stackage-snapshots/master/lts/15/5.yaml
    sha256: 1b549cfff328040c382a70a84a2087aac8dab6d778bf92f32a93a771a1980dfc
  original: lts-15.5
